
Microsoft Visual Studio Solution File, Format Version 12.00
# Visual Studio Version 17
VisualStudioVersion = 17.5.002.0
MinimumVisualStudioVersion = 10.0.40219.1
Project("{9A19103F-16F7-4668-BE54-9A1E7A4F7556}") = "StudyPlannerApp", "StudyPlannerApp\StudyPlannerApp.csproj", "{B4A7A090-8DCD-4798-A7DC-861DE4781D2F}"
EndProject
Global
	GlobalSection(SolutionConfigurationPlatforms) = preSolution
		Debug|Any CPU = Debug|Any CPU
		Release|Any CPU = Release|Any CPU
	EndGlobalSection
	GlobalSection(ProjectConfigurationPlatforms) = postSolution
		{B4A7A090-8DCD-4798-A7DC-861DE4781D2F}.Debug|Any CPU.ActiveCfg = Debug|Any CPU
		{B4A7A090-8DCD-4798-A7DC-861DE4781D2F}.Debug|Any CPU.Build.0 = Debug|Any CPU
		{B4A7A090-8DCD-4798-A7DC-861DE4781D2F}.Release|Any CPU.ActiveCfg = Release|Any CPU
		{B4A7A090-8DCD-4798-A7DC-861DE4781D2F}.Release|Any CPU.Build.0 = Release|Any CPU
	EndGlobalSection
	GlobalSection(SolutionProperties) = preSolution
		HideSolutionNode = FALSE
	EndGlobalSection
	GlobalSection(ExtensibilityGlobals) = postSolution
		SolutionGuid = {3F7DF4EF-1C41-42C4-AAB6-D385C42EE536}
	EndGlobalSection
EndGlobal
